
Microsoft Visual Studio Solution File, Format Version 12.00
# Visual Studio 15
VisualStudioVersion = 15.0.26228.10
MinimumVisualStudioVersion = 10.0.40219.1
Project("{2150E333-8FDC-42A3-9474-1A3956D46DE8}") = ".solution", ".solution", "{13E6651A-72DC-4903-8C0E-E786D62C5940}"
	ProjectSection(SolutionItems) = preProject
		.editorconfig = .editorconfig
		appveyor.yml = appveyor.yml
	EndProjectSection
EndProject
Project("{2150E333-8FDC-42A3-9474-1A3956D46DE8}") = "src", "src", "{EA10961F-07AB-46F4-B93C-A6B6CC1A0320}"
EndProject
Project("{2150E333-8FDC-42A3-9474-1A3956D46DE8}") = "test", "test", "{C40D4128-5649-47F4-9754-8C8F6825BFE4}"
EndProject
Project("{9A19103F-16F7-4668-BE54-9A1E7A4F7556}") = "FlexLabs.Util", "src\FlexLabs.Util\FlexLabs.Util.csproj", "{D682EC3F-B31F-4467-9495-8E0EDBACF686}"
EndProject
Project("{9A19103F-16F7-4668-BE54-9A1E7A4F7556}") = "FlexLabs.Util.Tests", "test\FlexLabs.Util.Tests\FlexLabs.Util.Tests.csproj", "{F8400AEA-53C6-4D7F-98F0-7B33629ADE80}"
EndProject
Global
	GlobalSection(SolutionConfigurationPlatforms) = preSolution
		Debug|Any CPU = Debug|Any CPU
		Release|Any CPU = Release|Any CPU
	EndGlobalSection
	GlobalSection(ProjectConfigurationPlatforms) = postSolution
		{D682EC3F-B31F-4467-9495-8E0EDBACF686}.Debug|Any CPU.ActiveCfg = Debug|Any CPU
		{D682EC3F-B31F-4467-9495-8E0EDBACF686}.Debug|Any CPU.Build.0 = Debug|Any CPU
		{D682EC3F-B31F-4467-9495-8E0EDBACF686}.Release|Any CPU.ActiveCfg = Release|Any CPU
		{D682EC3F-B31F-4467-9495-8E0EDBACF686}.Release|Any CPU.Build.0 = Release|Any CPU
		{F8400AEA-53C6-4D7F-98F0-7B33629ADE80}.Debug|Any CPU.ActiveCfg = Debug|Any CPU
		{F8400AEA-53C6-4D7F-98F0-7B33629ADE80}.Debug|Any CPU.Build.0 = Debug|Any CPU
		{F8400AEA-53C6-4D7F-98F0-7B33629ADE80}.Release|Any CPU.ActiveCfg = Release|Any CPU
		{F8400AEA-53C6-4D7F-98F0-7B33629ADE80}.Release|Any CPU.Build.0 = Release|Any CPU
	EndGlobalSection
	GlobalSection(SolutionProperties) = preSolution
		HideSolutionNode = FALSE
	EndGlobalSection
	GlobalSection(NestedProjects) = preSolution
		{D682EC3F-B31F-4467-9495-8E0EDBACF686} = {EA10961F-07AB-46F4-B93C-A6B6CC1A0320}
		{F8400AEA-53C6-4D7F-98F0-7B33629ADE80} = {C40D4128-5649-47F4-9754-8C8F6825BFE4}
	EndGlobalSection
EndGlobal
